
Microsoft Visual Studio Solution File, Format Version 12.00
# Visual Studio Version 16
VisualStudioVersion = 16.0.31205.134
MinimumVisualStudioVersion = 10.0.40219.1
Project("{9A19103F-16F7-4668-BE54-9A1E7A4F7556}") = "Encrypt.Net", "Encrypt.Net\Encrypt.Net.csproj", "{DA9F0D77-DD1F-446F-AA05-55003108AB24}"
EndProject
Project("{FAE04EC0-301F-11D3-BF4B-00C04F79EFBC}") = "Test", "Test\Test.csproj", "{43249BE3-EAC7-436E-B975-87FCAF72722B}"
EndProject
Global
	GlobalSection(SolutionConfigurationPlatforms) = preSolution
		Debug|Any CPU = Debug|Any CPU
		Release|Any CPU = Release|Any CPU
	EndGlobalSection
	GlobalSection(ProjectConfigurationPlatforms) = postSolution
		{DA9F0D77-DD1F-446F-AA05-55003108AB24}.Debug|Any CPU.ActiveCfg = Debug|Any CPU
		{DA9F0D77-DD1F-446F-AA05-55003108AB24}.Debug|Any CPU.Build.0 = Debug|Any CPU
		{DA9F0D77-DD1F-446F-AA05-55003108AB24}.Release|Any CPU.ActiveCfg = Release|Any CPU
		{DA9F0D77-DD1F-446F-AA05-55003108AB24}.Release|Any CPU.Build.0 = Release|Any CPU
		{43249BE3-EAC7-436E-B975-87FCAF72722B}.Debug|Any CPU.ActiveCfg = Debug|Any CPU
		{43249BE3-EAC7-436E-B975-87FCAF72722B}.Debug|Any CPU.Build.0 = Debug|Any CPU
		{43249BE3-EAC7-436E-B975-87FCAF72722B}.Release|Any CPU.ActiveCfg = Release|Any CPU
		{43249BE3-EAC7-436E-B975-87FCAF72722B}.Release|Any CPU.Build.0 = Release|Any CPU
	EndGlobalSection
	GlobalSection(SolutionProperties) = preSolution
		HideSolutionNode = FALSE
	EndGlobalSection
	GlobalSection(ExtensibilityGlobals) = postSolution
		SolutionGuid = {7F7C95B0-C2DE-49F3-B4FD-51B9534C1CBB}
	EndGlobalSection
EndGlobal
